// !$*UTF8*$!
{
	archiveVersion = 1;
	classes = {
	};
	objectVersion = 56;
	objects = {

/* Begin PBXBuildFile section */
		E545148228F81BEC00A7680B /* TMDBKey.swift in Sources */ = {isa = PBXBuildFile; fileRef = E545148128F81BEC00A7680B /* TMDBKey.swift */; };
		E56F4BF228F57EBA0081C41B /* MandiriTakeHomeTestApp.swift in Sources */ = {isa = PBXBuildFile; fileRef = E56F4BF128F57EBA0081C41B /* MandiriTakeHomeTestApp.swift */; };
		E56F4BF428F57EBA0081C41B /* ContentView.swift in Sources */ = {isa = PBXBuildFile; fileRef = E56F4BF328F57EBA0081C41B /* ContentView.swift */; };
		E56F4BF628F57EBB0081C41B /* Assets.xcassets in Resources */ = {isa = PBXBuildFile; fileRef = E56F4BF528F57EBB0081C41B /* Assets.xcassets */; };
		E56F4BF928F57EBB0081C41B /* Preview Assets.xcassets in Resources */ = {isa = PBXBuildFile; fileRef = E56F4BF828F57EBB0081C41B /* Preview Assets.xcassets */; };
		E56F4C0328F57EBB0081C41B /* MandiriTakeHomeTestTests.swift in Sources */ = {isa = PBXBuildFile; fileRef = E56F4C0228F57EBB0081C41B /* MandiriTakeHomeTestTests.swift */; };
		E56F4C0D28F57EBB0081C41B /* MandiriTakeHomeTestUITests.swift in Sources */ = {isa = PBXBuildFile; fileRef = E56F4C0C28F57EBB0081C41B /* MandiriTakeHomeTestUITests.swift */; };
		E56F4C0F28F57EBB0081C41B /* MandiriTakeHomeTestUITestsLaunchTests.swift in Sources */ = {isa = PBXBuildFile; fileRef = E56F4C0E28F57EBB0081C41B /* MandiriTakeHomeTestUITestsLaunchTests.swift */; };
		E5F57A9F28F8625E00625CC0 /* MovieService.swift in Sources */ = {isa = PBXBuildFile; fileRef = E5F57A9E28F8625E00625CC0 /* MovieService.swift */; };
		E5F57AA128F8626E00625CC0 /* MovieStore.swift in Sources */ = {isa = PBXBuildFile; fileRef = E5F57AA028F8626E00625CC0 /* MovieStore.swift */; };
		E5F57AA328F862C800625CC0 /* Utils.swift in Sources */ = {isa = PBXBuildFile; fileRef = E5F57AA228F862C800625CC0 /* Utils.swift */; };
		E5F57AA528F8634000625CC0 /* Movie.swift in Sources */ = {isa = PBXBuildFile; fileRef = E5F57AA428F8634000625CC0 /* Movie.swift */; };
		E5F57AA728F8634C00625CC0 /* Movie+Stub.swift in Sources */ = {isa = PBXBuildFile; fileRef = E5F57AA628F8634C00625CC0 /* Movie+Stub.swift */; };
		E5F57AA928F8645200625CC0 /* MovieList.swift in Sources */ = {isa = PBXBuildFile; fileRef = E5F57AA828F8645200625CC0 /* MovieList.swift */; };
		E5F57AAB28F8660F00625CC0 /* ImageLoader.swift in Sources */ = {isa = PBXBuildFile; fileRef = E5F57AAA28F8660F00625CC0 /* ImageLoader.swift */; };
		E5F57AAD28F8662200625CC0 /* MovieDetailState.swift in Sources */ = {isa = PBXBuildFile; fileRef = E5F57AAC28F8662200625CC0 /* MovieDetailState.swift */; };
		E5F57AAF28F8664600625CC0 /* MovieListState.swift in Sources */ = {isa = PBXBuildFile; fileRef = E5F57AAE28F8664600625CC0 /* MovieListState.swift */; };
		E5F57AB128F8665900625CC0 /* MovieSearchState.swift in Sources */ = {isa = PBXBuildFile; fileRef = E5F57AB028F8665900625CC0 /* MovieSearchState.swift */; };
		E5F57AB328F8672D00625CC0 /* MovieSearch.swift in Sources */ = {isa = PBXBuildFile; fileRef = E5F57AB228F8672D00625CC0 /* MovieSearch.swift */; };
		E5F57AB528F8678000625CC0 /* MovieBackdropCarrousel.swift in Sources */ = {isa = PBXBuildFile; fileRef = E5F57AB428F8678000625CC0 /* MovieBackdropCarrousel.swift */; };
		E5F57AB728F867F800625CC0 /* MovieBackdropCard.swift in Sources */ = {isa = PBXBuildFile; fileRef = E5F57AB628F867F800625CC0 /* MovieBackdropCard.swift */; };
		E5F57AB928F8683100625CC0 /* MoviePosterCarrousel.swift in Sources */ = {isa = PBXBuildFile; fileRef = E5F57AB828F8683100625CC0 /* MoviePosterCarrousel.swift */; };
		E5F57ABB28F8683D00625CC0 /* MoviePosterCard.swift in Sources */ = {isa = PBXBuildFile; fileRef = E5F57ABA28F8683D00625CC0 /* MoviePosterCard.swift */; };
		E5F57ABD28F868B900625CC0 /* Loading.swift in Sources */ = {isa = PBXBuildFile; fileRef = E5F57ABC28F868B900625CC0 /* Loading.swift */; };
		E5F57ABF28F8695F00625CC0 /* MovieDetail.swift in Sources */ = {isa = PBXBuildFile; fileRef = E5F57ABE28F8695F00625CC0 /* MovieDetail.swift */; };
		E5F57AC228F86B4C00625CC0 /* ActivityIndicator.swift in Sources */ = {isa = PBXBuildFile; fileRef = E5F57AC128F86B4C00625CC0 /* ActivityIndicator.swift */; };
		E5F57AC428F86B5A00625CC0 /* Safari.swift in Sources */ = {isa = PBXBuildFile; fileRef = E5F57AC328F86B5A00625CC0 /* Safari.swift */; };
		E5F57AC628F86B6300625CC0 /* Search.swift in Sources */ = {isa = PBXBuildFile; fileRef = E5F57AC528F86B6300625CC0 /* Search.swift */; };
/* End PBXBuildFile section */

/* Begin PBXContainerItemProxy section */
		E56F4BFF28F57EBB0081C41B /* PBXContainerItemProxy */ = {
			isa = PBXContainerItemProxy;
			containerPortal = E56F4BE628F57EBA0081C41B /* Project object */;
			proxyType = 1;
			remoteGlobalIDString = E56F4BED28F57EBA0081C41B;
			remoteInfo = MandiriTakeHomeTest;
		};
		E56F4C0928F57EBB0081C41B /* PBXContainerItemProxy */ = {
			isa = PBXContainerItemProxy;
			containerPortal = E56F4BE628F57EBA0081C41B /* Project object */;
			proxyType = 1;
			remoteGlobalIDString = E56F4BED28F57EBA0081C41B;
			remoteInfo = MandiriTakeHomeTest;
		};
/* End PBXContainerItemProxy section */

/* Begin PBXFileReference section */
		E545148128F81BEC00A7680B /* TMDBKey.swift */ = {isa = PBXFileReference; lastKnownFileType = sourcecode.swift; path = TMDBKey.swift; sourceTree = "<group>"; };
		E56F4BEE28F57EBA0081C41B /* MandiriTakeHomeTest.app */ = {isa = PBXFileReference; explicitFileType = wrapper.application; includeInIndex = 0; path = MandiriTakeHomeTest.app; sourceTree = BUILT_PRODUCTS_DIR; };
		E56F4BF128F57EBA0081C41B /* MandiriTakeHomeTestApp.swift */ = {isa = PBXFileReference; lastKnownFileType = sourcecode.swift; path = MandiriTakeHomeTestApp.swift; sourceTree = "<group>"; };
		E56F4BF328F57EBA0081C41B /* ContentView.swift */ = {isa = PBXFileReference; lastKnownFileType = sourcecode.swift; path = ContentView.swift; sourceTree = "<group>"; };
		E56F4BF528F57EBB0081C41B /* Assets.xcassets */ = {isa = PBXFileReference; lastKnownFileType = folder.assetcatalog; path = Assets.xcassets; sourceTree = "<group>"; };
		E56F4BF828F57EBB0081C41B /* Preview Assets.xcassets */ = {isa = PBXFileReference; lastKnownFileType = folder.assetcatalog; path = "Preview Assets.xcassets"; sourceTree = "<group>"; };
		E56F4BFE28F57EBB0081C41B /* MandiriTakeHomeTestTests.xctest */ = {isa = PBXFileReference; explicitFileType = wrapper.cfbundle; includeInIndex = 0; path = MandiriTakeHomeTestTests.xctest; sourceTree = BUILT_PRODUCTS_DIR; };
		E56F4C0228F57EBB0081C41B /* MandiriTakeHomeTestTests.swift */ = {isa = PBXFileReference; lastKnownFileType = sourcecode.swift; path = MandiriTakeHomeTestTests.swift; sourceTree = "<group>"; };
		E56F4C0828F57EBB0081C41B /* MandiriTakeHomeTestUITests.xctest */ = {isa = PBXFileReference; explicitFileType = wrapper.cfbundle; includeInIndex = 0; path = MandiriTakeHomeTestUITests.xctest; sourceTree = BUILT_PRODUCTS_DIR; };
		E56F4C0C28F57EBB0081C41B /* MandiriTakeHomeTestUITests.swift */ = {isa = PBXFileReference; lastKnownFileType = sourcecode.swift; path = MandiriTakeHomeTestUITests.swift; sourceTree = "<group>"; };
		E56F4C0E28F57EBB0081C41B /* MandiriTakeHomeTestUITestsLaunchTests.swift */ = {isa = PBXFileReference; lastKnownFileType = sourcecode.swift; path = MandiriTakeHomeTestUITestsLaunchTests.swift; sourceTree = "<group>"; };
		E5F57A9E28F8625E00625CC0 /* MovieService.swift */ = {isa = PBXFileReference; lastKnownFileType = sourcecode.swift; path = MovieService.swift; sourceTree = "<group>"; };
		E5F57AA028F8626E00625CC0 /* MovieStore.swift */ = {isa = PBXFileReference; lastKnownFileType = sourcecode.swift; path = MovieStore.swift; sourceTree = "<group>"; };
		E5F57AA228F862C800625CC0 /* Utils.swift */ = {isa = PBXFileReference; lastKnownFileType = sourcecode.swift; path = Utils.swift; sourceTree = "<group>"; };
		E5F57AA428F8634000625CC0 /* Movie.swift */ = {isa = PBXFileReference; lastKnownFileType = sourcecode.swift; path = Movie.swift; sourceTree = "<group>"; };
		E5F57AA628F8634C00625CC0 /* Movie+Stub.swift */ = {isa = PBXFileReference; lastKnownFileType = sourcecode.swift; path = "Movie+Stub.swift"; sourceTree = "<group>"; };
		E5F57AA828F8645200625CC0 /* MovieList.swift */ = {isa = PBXFileReference; lastKnownFileType = sourcecode.swift; path = MovieList.swift; sourceTree = "<group>"; };
		E5F57AAA28F8660F00625CC0 /* ImageLoader.swift */ = {isa = PBXFileReference; lastKnownFileType = sourcecode.swift; path = ImageLoader.swift; sourceTree = "<group>"; };
		E5F57AAC28F8662200625CC0 /* MovieDetailState.swift */ = {isa = PBXFileReference; lastKnownFileType = sourcecode.swift; path = MovieDetailState.swift; sourceTree = "<group>"; };
		E5F57AAE28F8664600625CC0 /* MovieListState.swift */ = {isa = PBXFileReference; lastKnownFileType = sourcecode.swift; path = MovieListState.swift; sourceTree = "<group>"; };
		E5F57AB028F8665900625CC0 /* MovieSearchState.swift */ = {isa = PBXFileReference; lastKnownFileType = sourcecode.swift; path = MovieSearchState.swift; sourceTree = "<group>"; };
		E5F57AB228F8672D00625CC0 /* MovieSearch.swift */ = {isa = PBXFileReference; lastKnownFileType = sourcecode.swift; path = MovieSearch.swift; sourceTree = "<group>"; };
		E5F57AB428F8678000625CC0 /* MovieBackdropCarrousel.swift */ = {isa = PBXFileReference; lastKnownFileType = sourcecode.swift; path = MovieBackdropCarrousel.swift; sourceTree = "<group>"; };
		E5F57AB628F867F800625CC0 /* MovieBackdropCard.swift */ = {isa = PBXFileReference; lastKnownFileType = sourcecode.swift; path = MovieBackdropCard.swift; sourceTree = "<group>"; };
		E5F57AB828F8683100625CC0 /* MoviePosterCarrousel.swift */ = {isa = PBXFileReference; lastKnownFileType = sourcecode.swift; path = MoviePosterCarrousel.swift; sourceTree = "<group>"; };
		E5F57ABA28F8683D00625CC0 /* MoviePosterCard.swift */ = {isa = PBXFileReference; lastKnownFileType = sourcecode.swift; path = MoviePosterCard.swift; sourceTree = "<group>"; };
		E5F57ABC28F868B900625CC0 /* Loading.swift */ = {isa = PBXFileReference; lastKnownFileType = sourcecode.swift; path = Loading.swift; sourceTree = "<group>"; };
		E5F57ABE28F8695F00625CC0 /* MovieDetail.swift */ = {isa = PBXFileReference; lastKnownFileType = sourcecode.swift; path = MovieDetail.swift; sourceTree = "<group>"; };
		E5F57AC128F86B4C00625CC0 /* ActivityIndicator.swift */ = {isa = PBXFileReference; lastKnownFileType = sourcecode.swift; path = ActivityIndicator.swift; sourceTree = "<group>"; };
		E5F57AC328F86B5A00625CC0 /* Safari.swift */ = {isa = PBXFileReference; lastKnownFileType = sourcecode.swift; path = Safari.swift; sourceTree = "<group>"; };
		E5F57AC528F86B6300625CC0 /* Search.swift */ = {isa = PBXFileReference; lastKnownFileType = sourcecode.swift; path = Search.swift; sourceTree = "<group>"; };
/* End PBXFileReference section */

/* Begin PBXFrameworksBuildPhase section */
		E56F4BEB28F57EBA0081C41B /* Frameworks */ = {
			isa = PBXFrameworksBuildPhase;
			buildActionMask = 2147483647;
			files = (
			);
			runOnlyForDeploymentPostprocessing = 0;
		};
		E56F4BFB28F57EBB0081C41B /* Frameworks */ = {
			isa = PBXFrameworksBuildPhase;
			buildActionMask = 2147483647;
			files = (
			);
			runOnlyForDeploymentPostprocessing = 0;
		};
		E56F4C0528F57EBB0081C41B /* Frameworks */ = {
			isa = PBXFrameworksBuildPhase;
			buildActionMask = 2147483647;
			files = (
			);
			runOnlyForDeploymentPostprocessing = 0;
		};
/* End PBXFrameworksBuildPhase section */

/* Begin PBXGroup section */
		E545147E28F819EE00A7680B /* entity */ = {
			isa = PBXGroup;
			children = (
				E5F57AA428F8634000625CC0 /* Movie.swift */,
				E5F57AA628F8634C00625CC0 /* Movie+Stub.swift */,
			);
			path = entity;
			sourceTree = "<group>";
		};
		E56F4BE528F57EBA0081C41B = {
			isa = PBXGroup;
			children = (
				E56F4BF028F57EBA0081C41B /* MandiriTakeHomeTest */,
				E56F4C0128F57EBB0081C41B /* MandiriTakeHomeTestTests */,
				E56F4C0B28F57EBB0081C41B /* MandiriTakeHomeTestUITests */,
				E56F4BEF28F57EBA0081C41B /* Products */,
			);
			sourceTree = "<group>";
		};
		E56F4BEF28F57EBA0081C41B /* Products */ = {
			isa = PBXGroup;
			children = (
				E56F4BEE28F57EBA0081C41B /* MandiriTakeHomeTest.app */,
				E56F4BFE28F57EBB0081C41B /* MandiriTakeHomeTestTests.xctest */,
				E56F4C0828F57EBB0081C41B /* MandiriTakeHomeTestUITests.xctest */,
			);
			name = Products;
			sourceTree = "<group>";
		};
		E56F4BF028F57EBA0081C41B /* MandiriTakeHomeTest */ = {
			isa = PBXGroup;
			children = (
				E56F4C1B28F57ED70081C41B /* view */,
				E56F4C1C28F57EEB0081C41B /* interactor */,
				E56F4C1D28F57F010081C41B /* presenter */,
				E545147E28F819EE00A7680B /* entity */,
				E56F4C1E28F57FA50081C41B /* router */,
				E56F4BF528F57EBB0081C41B /* Assets.xcassets */,
				E56F4BF728F57EBB0081C41B /* Preview Content */,
			);
			path = MandiriTakeHomeTest;
			sourceTree = "<group>";
		};
		E56F4BF728F57EBB0081C41B /* Preview Content */ = {
			isa = PBXGroup;
			children = (
				E56F4BF828F57EBB0081C41B /* Preview Assets.xcassets */,
			);
			path = "Preview Content";
			sourceTree = "<group>";
		};
		E56F4C0128F57EBB0081C41B /* MandiriTakeHomeTestTests */ = {
			isa = PBXGroup;
			children = (
				E56F4C0228F57EBB0081C41B /* MandiriTakeHomeTestTests.swift */,
			);
			path = MandiriTakeHomeTestTests;
			sourceTree = "<group>";
		};
		E56F4C0B28F57EBB0081C41B /* MandiriTakeHomeTestUITests */ = {
			isa = PBXGroup;
			children = (
				E56F4C0C28F57EBB0081C41B /* MandiriTakeHomeTestUITests.swift */,
				E56F4C0E28F57EBB0081C41B /* MandiriTakeHomeTestUITestsLaunchTests.swift */,
			);
			path = MandiriTakeHomeTestUITests;
			sourceTree = "<group>";
		};
		E56F4C1B28F57ED70081C41B /* view */ = {
			isa = PBXGroup;
			children = (
				E5F57AC028F86B0100625CC0 /* iconview */,
				E5F57AA828F8645200625CC0 /* MovieList.swift */,
				E5F57ABE28F8695F00625CC0 /* MovieDetail.swift */,
				E5F57AB228F8672D00625CC0 /* MovieSearch.swift */,
				E5F57AB428F8678000625CC0 /* MovieBackdropCarrousel.swift */,
				E5F57AB628F867F800625CC0 /* MovieBackdropCard.swift */,
				E5F57AB828F8683100625CC0 /* MoviePosterCarrousel.swift */,
				E5F57ABA28F8683D00625CC0 /* MoviePosterCard.swift */,
				E5F57ABC28F868B900625CC0 /* Loading.swift */,
			);
			path = view;
			sourceTree = "<group>";
		};
		E56F4C1C28F57EEB0081C41B /* interactor */ = {
			isa = PBXGroup;
			children = (
				E545148128F81BEC00A7680B /* TMDBKey.swift */,
				E5F57A9E28F8625E00625CC0 /* MovieService.swift */,
				E5F57AA028F8626E00625CC0 /* MovieStore.swift */,
				E5F57AA228F862C800625CC0 /* Utils.swift */,
			);
			path = interactor;
			sourceTree = "<group>";
		};
		E56F4C1D28F57F010081C41B /* presenter */ = {
			isa = PBXGroup;
			children = (
				E5F57AAA28F8660F00625CC0 /* ImageLoader.swift */,
				E5F57AAC28F8662200625CC0 /* MovieDetailState.swift */,
				E5F57AAE28F8664600625CC0 /* MovieListState.swift */,
				E5F57AB028F8665900625CC0 /* MovieSearchState.swift */,
			);
			path = presenter;
			sourceTree = "<group>";
		};
		E56F4C1E28F57FA50081C41B /* router */ = {
			isa = PBXGroup;
			children = (
				E56F4BF128F57EBA0081C41B /* MandiriTakeHomeTestApp.swift */,
				E56F4BF328F57EBA0081C41B /* ContentView.swift */,
			);
			path = router;
			sourceTree = "<group>";
		};
		E5F57AC028F86B0100625CC0 /* iconview */ = {
			isa = PBXGroup;
			children = (
				E5F57AC128F86B4C00625CC0 /* ActivityIndicator.swift */,
				E5F57AC328F86B5A00625CC0 /* Safari.swift */,
				E5F57AC528F86B6300625CC0 /* Search.swift */,
			);
			path = iconview;
			sourceTree = "<group>";
		};
/* End PBXGroup section */

/* Begin PBXNativeTarget section */
		E56F4BED28F57EBA0081C41B /* MandiriTakeHomeTest */ = {
			isa = PBXNativeTarget;
			buildConfigurationList = E56F4C1228F57EBC0081C41B /* Build configuration list for PBXNativeTarget "MandiriTakeHomeTest" */;
			buildPhases = (
				E56F4BEA28F57EBA0081C41B /* Sources */,
				E56F4BEB28F57EBA0081C41B /* Frameworks */,
				E56F4BEC28F57EBA0081C41B /* Resources */,
			);
			buildRules = (
			);
			dependencies = (
			);
			name = MandiriTakeHomeTest;
			productName = MandiriTakeHomeTest;
			productReference = E56F4BEE28F57EBA0081C41B /* MandiriTakeHomeTest.app */;
			productType = "com.apple.product-type.application";
		};
		E56F4BFD28F57EBB0081C41B /* MandiriTakeHomeTestTests */ = {
			isa = PBXNativeTarget;
			buildConfigurationList = E56F4C1528F57EBC0081C41B /* Build configuration list for PBXNativeTarget "MandiriTakeHomeTestTests" */;
			buildPhases = (
				E56F4BFA28F57EBB0081C41B /* Sources */,
				E56F4BFB28F57EBB0081C41B /* Frameworks */,
				E56F4BFC28F57EBB0081C41B /* Resources */,
			);
			buildRules = (
			);
			dependencies = (
				E56F4C0028F57EBB0081C41B /* PBXTargetDependency */,
			);
			name = MandiriTakeHomeTestTests;
			productName = MandiriTakeHomeTestTests;
			productReference = E56F4BFE28F57EBB0081C41B /* MandiriTakeHomeTestTests.xctest */;
			productType = "com.apple.product-type.bundle.unit-test";
		};
		E56F4C0728F57EBB0081C41B /* MandiriTakeHomeTestUITests */ = {
			isa = PBXNativeTarget;
			buildConfigurationList = E56F4C1828F57EBC0081C41B /* Build configuration list for PBXNativeTarget "MandiriTakeHomeTestUITests" */;
			buildPhases = (
				E56F4C0428F57EBB0081C41B /* Sources */,
				E56F4C0528F57EBB0081C41B /* Frameworks */,
				E56F4C0628F57EBB0081C41B /* Resources */,
			);
			buildRules = (
			);
			dependencies = (
				E56F4C0A28F57EBB0081C41B /* PBXTargetDependency */,
			);
			name = MandiriTakeHomeTestUITests;
			productName = MandiriTakeHomeTestUITests;
			productReference = E56F4C0828F57EBB0081C41B /* MandiriTakeHomeTestUITests.xctest */;
			productType = "com.apple.product-type.bundle.ui-testing";
		};
/* End PBXNativeTarget section */

/* Begin PBXProject section */
		E56F4BE628F57EBA0081C41B /* Project object */ = {
			isa = PBXProject;
			attributes = {
				BuildIndependentTargetsInParallel = 1;
				LastSwiftUpdateCheck = 1400;
				LastUpgradeCheck = 1400;
				TargetAttributes = {
					E56F4BED28F57EBA0081C41B = {
						CreatedOnToolsVersion = 14.0.1;
					};
					E56F4BFD28F57EBB0081C41B = {
						CreatedOnToolsVersion = 14.0.1;
						TestTargetID = E56F4BED28F57EBA0081C41B;
					};
					E56F4C0728F57EBB0081C41B = {
						CreatedOnToolsVersion = 14.0.1;
						TestTargetID = E56F4BED28F57EBA0081C41B;
					};
				};
			};
			buildConfigurationList = E56F4BE928F57EBA0081C41B /* Build configuration list for PBXProject "MandiriTakeHomeTest" */;
			compatibilityVersion = "Xcode 14.0";
			developmentRegion = en;
			hasScannedForEncodings = 0;
			knownRegions = (
				en,
				Base,
			);
			mainGroup = E56F4BE528F57EBA0081C41B;
			productRefGroup = E56F4BEF28F57EBA0081C41B /* Products */;
			projectDirPath = "";
			projectRoot = "";
			targets = (
				E56F4BED28F57EBA0081C41B /* MandiriTakeHomeTest */,
				E56F4BFD28F57EBB0081C41B /* MandiriTakeHomeTestTests */,
				E56F4C0728F57EBB0081C41B /* MandiriTakeHomeTestUITests */,
			);
		};
/* End PBXProject section */

/* Begin PBXResourcesBuildPhase section */
		E56F4BEC28F57EBA0081C41B /* Resources */ = {
			isa = PBXResourcesBuildPhase;
			buildActionMask = 2147483647;
			files = (
				E56F4BF928F57EBB0081C41B /* Preview Assets.xcassets in Resources */,
				E56F4BF628F57EBB0081C41B /* Assets.xcassets in Resources */,
			);
			runOnlyForDeploymentPostprocessing = 0;
		};
		E56F4BFC28F57EBB0081C41B /* Resources */ = {
			isa = PBXResourcesBuildPhase;
			buildActionMask = 2147483647;
			files = (
			);
			runOnlyForDeploymentPostprocessing = 0;
		};
		E56F4C0628F57EBB0081C41B /* Resources */ = {
			isa = PBXResourcesBuildPhase;
			buildActionMask = 2147483647;
			files = (
			);
			runOnlyForDeploymentPostprocessing = 0;
		};
/* End PBXResourcesBuildPhase section */

/* Begin PBXSourcesBuildPhase section */
		E56F4BEA28F57EBA0081C41B /* Sources */ = {
			isa = PBXSourcesBuildPhase;
			buildActionMask = 2147483647;
			files = (
				E5F57AAD28F8662200625CC0 /* MovieDetailState.swift in Sources */,
				E5F57AA128F8626E00625CC0 /* MovieStore.swift in Sources */,
				E5F57AB928F8683100625CC0 /* MoviePosterCarrousel.swift in Sources */,
				E5F57AA928F8645200625CC0 /* MovieList.swift in Sources */,
				E56F4BF428F57EBA0081C41B /* ContentView.swift in Sources */,
				E5F57AB328F8672D00625CC0 /* MovieSearch.swift in Sources */,
				E5F57AB728F867F800625CC0 /* MovieBackdropCard.swift in Sources */,
				E5F57AAB28F8660F00625CC0 /* ImageLoader.swift in Sources */,
				E5F57A9F28F8625E00625CC0 /* MovieService.swift in Sources */,
				E5F57AC628F86B6300625CC0 /* Search.swift in Sources */,
				E5F57ABD28F868B900625CC0 /* Loading.swift in Sources */,
				E5F57AC428F86B5A00625CC0 /* Safari.swift in Sources */,
				E5F57AB528F8678000625CC0 /* MovieBackdropCarrousel.swift in Sources */,
				E5F57AC228F86B4C00625CC0 /* ActivityIndicator.swift in Sources */,
				E5F57ABB28F8683D00625CC0 /* MoviePosterCard.swift in Sources */,
				E5F57AB128F8665900625CC0 /* MovieSearchState.swift in Sources */,
				E5F57AA528F8634000625CC0 /* Movie.swift in Sources */,
				E545148228F81BEC00A7680B /* TMDBKey.swift in Sources */,
				E5F57AA728F8634C00625CC0 /* Movie+Stub.swift in Sources */,
				E5F57ABF28F8695F00625CC0 /* MovieDetail.swift in Sources */,
				E5F57AAF28F8664600625CC0 /* MovieListState.swift in Sources */,
				E56F4BF228F57EBA0081C41B /* MandiriTakeHomeTestApp.swift in Sources */,
				E5F57AA328F862C800625CC0 /* Utils.swift in Sources */,
			);
			runOnlyForDeploymentPostprocessing = 0;
		};
		E56F4BFA28F57EBB0081C41B /* Sources */ = {
			isa = PBXSourcesBuildPhase;
			buildActionMask = 2147483647;
			files = (
				E56F4C0328F57EBB0081C41B /* MandiriTakeHomeTestTests.swift in Sources */,
			);
			runOnlyForDeploymentPostprocessing = 0;
		};
		E56F4C0428F57EBB0081C41B /* Sources */ = {
			isa = PBXSourcesBuildPhase;
			buildActionMask = 2147483647;
			files = (
				E56F4C0D28F57EBB0081C41B /* MandiriTakeHomeTestUITests.swift in Sources */,
				E56F4C0F28F57EBB0081C41B /* MandiriTakeHomeTestUITestsLaunchTests.swift in Sources */,
			);
			runOnlyForDeploymentPostprocessing = 0;
		};
/* End PBXSourcesBuildPhase section */

/* Begin PBXTargetDependency section */
		E56F4C0028F57EBB0081C41B /* PBXTargetDependency */ = {
			isa = PBXTargetDependency;
			target = E56F4BED28F57EBA0081C41B /* MandiriTakeHomeTest */;
			targetProxy = E56F4BFF28F57EBB0081C41B /* PBXContainerItemProxy */;
		};
		E56F4C0A28F57EBB0081C41B /* PBXTargetDependency */ = {
			isa = PBXTargetDependency;
			target = E56F4BED28F57EBA0081C41B /* MandiriTakeHomeTest */;
			targetProxy = E56F4C0928F57EBB0081C41B /* PBXContainerItemProxy */;
		};
/* End PBXTargetDependency section */

/* Begin XCBuildConfiguration section */
		E56F4C1028F57EBB0081C41B /* Debug */ = {
			isa = XCBuildConfiguration;
			buildSettings = {
				ALWAYS_SEARCH_USER_PATHS = NO;
				CLANG_ANALYZER_NONNULL = YES;
				CLANG_ANALYZER_NUMBER_OBJECT_CONVERSION = YES_AGGRESSIVE;
				CLANG_CXX_LANGUAGE_STANDARD = "gnu++20";
				CLANG_ENABLE_MODULES = YES;
				CLANG_ENABLE_OBJC_ARC = YES;
				CLANG_ENABLE_OBJC_WEAK = YES;
				CLANG_WARN_BLOCK_CAPTURE_AUTORELEASING = YES;
				CLANG_WARN_BOOL_CONVERSION = YES;
				CLANG_WARN_COMMA = YES;
				CLANG_WARN_CONSTANT_CONVERSION = YES;
				CLANG_WARN_DEPRECATED_OBJC_IMPLEMENTATIONS = YES;
				CLANG_WARN_DIRECT_OBJC_ISA_USAGE = YES_ERROR;
				CLANG_WARN_DOCUMENTATION_COMMENTS = YES;
				CLANG_WARN_EMPTY_BODY = YES;
				CLANG_WARN_ENUM_CONVERSION = YES;
				CLANG_WARN_INFINITE_RECURSION = YES;
				CLANG_WARN_INT_CONVERSION = YES;
				CLANG_WARN_NON_LITERAL_NULL_CONVERSION = YES;
				CLANG_WARN_OBJC_IMPLICIT_RETAIN_SELF = YES;
				CLANG_WARN_OBJC_LITERAL_CONVERSION = YES;
				CLANG_WARN_OBJC_ROOT_CLASS = YES_ERROR;
				CLANG_WARN_QUOTED_INCLUDE_IN_FRAMEWORK_HEADER = YES;
				CLANG_WARN_RANGE_LOOP_ANALYSIS = YES;
				CLANG_WARN_STRICT_PROTOTYPES = YES;
				CLANG_WARN_SUSPICIOUS_MOVE = YES;
				CLANG_WARN_UNGUARDED_AVAILABILITY = YES_AGGRESSIVE;
				CLANG_WARN_UNREACHABLE_CODE = YES;
				CLANG_WARN__DUPLICATE_METHOD_MATCH = YES;
				COPY_PHASE_STRIP = NO;
				DEBUG_INFORMATION_FORMAT = dwarf;
				ENABLE_STRICT_OBJC_MSGSEND = YES;
				ENABLE_TESTABILITY = YES;
				GCC_C_LANGUAGE_STANDARD = gnu11;
				GCC_DYNAMIC_NO_PIC = NO;
				GCC_NO_COMMON_BLOCKS = YES;
				GCC_OPTIMIZATION_LEVEL = 0;
				GCC_PREPROCESSOR_DEFINITIONS = (
					"DEBUG=1",
					"$(inherited)",
				);
				GCC_WARN_64_TO_32_BIT_CONVERSION = YES;
				GCC_WARN_ABOUT_RETURN_TYPE = YES_ERROR;
				GCC_WARN_UNDECLARED_SELECTOR = YES;
				GCC_WARN_UNINITIALIZED_AUTOS = YES_AGGRESSIVE;
				GCC_WARN_UNUSED_FUNCTION = YES;
				GCC_WARN_UNUSED_VARIABLE = YES;
				IPHONEOS_DEPLOYMENT_TARGET = 16.0;
				MTL_ENABLE_DEBUG_INFO = INCLUDE_SOURCE;
				MTL_FAST_MATH = YES;
				ONLY_ACTIVE_ARCH = YES;
				SDKROOT = iphoneos;
				SWIFT_ACTIVE_COMPILATION_CONDITIONS = DEBUG;
				SWIFT_OPTIMIZATION_LEVEL = "-Onone";
			};
			name = Debug;
		};
		E56F4C1128F57EBB0081C41B /* Release */ = {
			isa = XCBuildConfiguration;
			buildSettings = {
				ALWAYS_SEARCH_USER_PATHS = NO;
				CLANG_ANALYZER_NONNULL = YES;
				CLANG_ANALYZER_NUMBER_OBJECT_CONVERSION = YES_AGGRESSIVE;
				CLANG_CXX_LANGUAGE_STANDARD = "gnu++20";
				CLANG_ENABLE_MODULES = YES;
				CLANG_ENABLE_OBJC_ARC = YES;
				CLANG_ENABLE_OBJC_WEAK = YES;
				CLANG_WARN_BLOCK_CAPTURE_AUTORELEASING = YES;
				CLANG_WARN_BOOL_CONVERSION = YES;
				CLANG_WARN_COMMA = YES;
				CLANG_WARN_CONSTANT_CONVERSION = YES;
				CLANG_WARN_DEPRECATED_OBJC_IMPLEMENTATIONS = YES;
				CLANG_WARN_DIRECT_OBJC_ISA_USAGE = YES_ERROR;
				CLANG_WARN_DOCUMENTATION_COMMENTS = YES;
				CLANG_WARN_EMPTY_BODY = YES;
				CLANG_WARN_ENUM_CONVERSION = YES;
				CLANG_WARN_INFINITE_RECURSION = YES;
				CLANG_WARN_INT_CONVERSION = YES;
				CLANG_WARN_NON_LITERAL_NULL_CONVERSION = YES;
				CLANG_WARN_OBJC_IMPLICIT_RETAIN_SELF = YES;
				CLANG_WARN_OBJC_LITERAL_CONVERSION = YES;
				CLANG_WARN_OBJC_ROOT_CLASS = YES_ERROR;
				CLANG_WARN_QUOTED_INCLUDE_IN_FRAMEWORK_HEADER = YES;
				CLANG_WARN_RANGE_LOOP_ANALYSIS = YES;
				CLANG_WARN_STRICT_PROTOTYPES = YES;
				CLANG_WARN_SUSPICIOUS_MOVE = YES;
				CLANG_WARN_UNGUARDED_AVAILABILITY = YES_AGGRESSIVE;
				CLANG_WARN_UNREACHABLE_CODE = YES;
				CLANG_WARN__DUPLICATE_METHOD_MATCH = YES;
				COPY_PHASE_STRIP = NO;
				DEBUG_INFORMATION_FORMAT = "dwarf-with-dsym";
				ENABLE_NS_ASSERTIONS = NO;
				ENABLE_STRICT_OBJC_MSGSEND = YES;
				GCC_C_LANGUAGE_STANDARD = gnu11;
				GCC_NO_COMMON_BLOCKS = YES;
				GCC_WARN_64_TO_32_BIT_CONVERSION = YES;
				GCC_WARN_ABOUT_RETURN_TYPE = YES_ERROR;
				GCC_WARN_UNDECLARED_SELECTOR = YES;
				GCC_WARN_UNINITIALIZED_AUTOS = YES_AGGRESSIVE;
				GCC_WARN_UNUSED_FUNCTION = YES;
				GCC_WARN_UNUSED_VARIABLE = YES;
				IPHONEOS_DEPLOYMENT_TARGET = 16.0;
				MTL_ENABLE_DEBUG_INFO = NO;
				MTL_FAST_MATH = YES;
				SDKROOT = iphoneos;
				SWIFT_COMPILATION_MODE = wholemodule;
				SWIFT_OPTIMIZATION_LEVEL = "-O";
				VALIDATE_PRODUCT = YES;
			};
			name = Release;
		};
		E56F4C1328F57EBC0081C41B /* Debug */ = {
			isa = XCBuildConfiguration;
			buildSettings = {
				ASSETCATALOG_COMPILER_APPICON_NAME = AppIcon;
				ASSETCATALOG_COMPILER_GLOBAL_ACCENT_COLOR_NAME = AccentColor;
				CODE_SIGN_STYLE = Automatic;
				CURRENT_PROJECT_VERSION = 1;
				DEVELOPMENT_ASSET_PATHS = "\"MandiriTakeHomeTest/Preview Content\"";
				DEVELOPMENT_TEAM = 2T8TUP5N85;
				ENABLE_PREVIEWS = YES;
				GENERATE_INFOPLIST_FILE = YES;
				INFOPLIST_KEY_UIApplicationSceneManifest_Generation = YES;
				INFOPLIST_KEY_UIApplicationSupportsIndirectInputEvents = YES;
				INFOPLIST_KEY_UILaunchScreen_Generation = YES;
				INFOPLIST_KEY_UISupportedInterfaceOrientations_iPad = "UIInterfaceOrientationPortrait UIInterfaceOrientationPortraitUpsideDown UIInterfaceOrientationLandscapeLeft UIInterfaceOrientationLandscapeRight";
				INFOPLIST_KEY_UISupportedInterfaceOrientations_iPhone = "UIInterfaceOrientationPortrait UIInterfaceOrientationLandscapeLeft UIInterfaceOrientationLandscapeRight";
				LD_RUNPATH_SEARCH_PATHS = (
					"$(inherited)",
					"@executable_path/Frameworks",
				);
				MARKETING_VERSION = 1.0;
				PRODUCT_BUNDLE_IDENTIFIER = com.MuhammadAbyanFadilllah.MandiriTakeHomeTest.MandiriTakeHomeTest;
				PRODUCT_NAME = "$(TARGET_NAME)";
				SWIFT_EMIT_LOC_STRINGS = YES;
				SWIFT_VERSION = 5.0;
				TARGETED_DEVICE_FAMILY = "1,2";
			};
			name = Debug;
		};
		E56F4C1428F57EBC0081C41B /* Release */ = {
			isa = XCBuildConfiguration;
			buildSettings = {
				ASSETCATALOG_COMPILER_APPICON_NAME = AppIcon;
				ASSETCATALOG_COMPILER_GLOBAL_ACCENT_COLOR_NAME = AccentColor;
				CODE_SIGN_STYLE = Automatic;
				CURRENT_PROJECT_VERSION = 1;
				DEVELOPMENT_ASSET_PATHS = "\"MandiriTakeHomeTest/Preview Content\"";
				DEVELOPMENT_TEAM = 2T8TUP5N85;
				ENABLE_PREVIEWS = YES;
				GENERATE_INFOPLIST_FILE = YES;
				INFOPLIST_KEY_UIApplicationSceneManifest_Generation = YES;
				INFOPLIST_KEY_UIApplicationSupportsIndirectInputEvents = YES;
				INFOPLIST_KEY_UILaunchScreen_Generation = YES;
				INFOPLIST_KEY_UISupportedInterfaceOrientations_iPad = "UIInterfaceOrientationPortrait UIInterfaceOrientationPortraitUpsideDown UIInterfaceOrientationLandscapeLeft UIInterfaceOrientationLandscapeRight";
				INFOPLIST_KEY_UISupportedInterfaceOrientations_iPhone = "UIInterfaceOrientationPortrait UIInterfaceOrientationLandscapeLeft UIInterfaceOrientationLandscapeRight";
				LD_RUNPATH_SEARCH_PATHS = (
					"$(inherited)",
					"@executable_path/Frameworks",
				);
				MARKETING_VERSION = 1.0;
				PRODUCT_BUNDLE_IDENTIFIER = com.MuhammadAbyanFadilllah.MandiriTakeHomeTest.MandiriTakeHomeTest;
				PRODUCT_NAME = "$(TARGET_NAME)";
				SWIFT_EMIT_LOC_STRINGS = YES;
				SWIFT_VERSION = 5.0;
				TARGETED_DEVICE_FAMILY = "1,2";
			};
			name = Release;
		};
		E56F4C1628F57EBC0081C41B /* Debug */ = {
			isa = XCBuildConfiguration;
			buildSettings = {
				ALWAYS_EMBED_SWIFT_STANDARD_LIBRARIES = YES;
				BUNDLE_LOADER = "$(TEST_HOST)";
				CODE_SIGN_STYLE = Automatic;
				CURRENT_PROJECT_VERSION = 1;
				DEVELOPMENT_TEAM = 2T8TUP5N85;
				GENERATE_INFOPLIST_FILE = YES;
				IPHONEOS_DEPLOYMENT_TARGET = 16.0;
				MARKETING_VERSION = 1.0;
				PRODUCT_BUNDLE_IDENTIFIER = com.MuhammadAbyanFadilllah.MandiriTakeHomeTest.MandiriTakeHomeTestTests;
				PRODUCT_NAME = "$(TARGET_NAME)";
				SWIFT_EMIT_LOC_STRINGS = NO;
				SWIFT_VERSION = 5.0;
				TARGETED_DEVICE_FAMILY = "1,2";
				TEST_HOST = "$(BUILT_PRODUCTS_DIR)/MandiriTakeHomeTest.app/$(BUNDLE_EXECUTABLE_FOLDER_PATH)/MandiriTakeHomeTest";
			};
			name = Debug;
		};
		E56F4C1728F57EBC0081C41B /* Release */ = {
			isa = XCBuildConfiguration;
			buildSettings = {
				ALWAYS_EMBED_SWIFT_STANDARD_LIBRARIES = YES;
				BUNDLE_LOADER = "$(TEST_HOST)";
				CODE_SIGN_STYLE = Automatic;
				CURRENT_PROJECT_VERSION = 1;
				DEVELOPMENT_TEAM = 2T8TUP5N85;
				GENERATE_INFOPLIST_FILE = YES;
				IPHONEOS_DEPLOYMENT_TARGET = 16.0;
				MARKETING_VERSION = 1.0;
				PRODUCT_BUNDLE_IDENTIFIER = com.MuhammadAbyanFadilllah.MandiriTakeHomeTest.MandiriTakeHomeTestTests;
				PRODUCT_NAME = "$(TARGET_NAME)";
				SWIFT_EMIT_LOC_STRINGS = NO;
				SWIFT_VERSION = 5.0;
				TARGETED_DEVICE_FAMILY = "1,2";
				TEST_HOST = "$(BUILT_PRODUCTS_DIR)/MandiriTakeHomeTest.app/$(BUNDLE_EXECUTABLE_FOLDER_PATH)/MandiriTakeHomeTest";
			};
			name = Release;
		};
		E56F4C1928F57EBC0081C41B /* Debug */ = {
			isa = XCBuildConfiguration;
			buildSettings = {
				ALWAYS_EMBED_SWIFT_STANDARD_LIBRARIES = YES;
				CODE_SIGN_STYLE = Automatic;
				CURRENT_PROJECT_VERSION = 1;
				DEVELOPMENT_TEAM = 2T8TUP5N85;
				GENERATE_INFOPLIST_FILE = YES;
				MARKETING_VERSION = 1.0;
				PRODUCT_BUNDLE_IDENTIFIER = com.MuhammadAbyanFadilllah.MandiriTakeHomeTest.MandiriTakeHomeTestUITests;
				PRODUCT_NAME = "$(TARGET_NAME)";
				SWIFT_EMIT_LOC_STRINGS = NO;
				SWIFT_VERSION = 5.0;
				TARGETED_DEVICE_FAMILY = "1,2";
				TEST_TARGET_NAME = MandiriTakeHomeTest;
			};
			name = Debug;
		};
		E56F4C1A28F57EBC0081C41B /* Release */ = {
			isa = XCBuildConfiguration;
			buildSettings = {
				ALWAYS_EMBED_SWIFT_STANDARD_LIBRARIES = YES;
				CODE_SIGN_STYLE = Automatic;
				CURRENT_PROJECT_VERSION = 1;
				DEVELOPMENT_TEAM = 2T8TUP5N85;
				GENERATE_INFOPLIST_FILE = YES;
				MARKETING_VERSION = 1.0;
				PRODUCT_BUNDLE_IDENTIFIER = com.MuhammadAbyanFadilllah.MandiriTakeHomeTest.MandiriTakeHomeTestUITests;
				PRODUCT_NAME = "$(TARGET_NAME)";
				SWIFT_EMIT_LOC_STRINGS = NO;
				SWIFT_VERSION = 5.0;
				TARGETED_DEVICE_FAMILY = "1,2";
				TEST_TARGET_NAME = MandiriTakeHomeTest;
			};
			name = Release;
		};
/* End XCBuildConfiguration section */

/* Begin XCConfigurationList section */
		E56F4BE928F57EBA0081C41B /* Build configuration list for PBXProject "MandiriTakeHomeTest" */ = {
			isa = XCConfigurationList;
			buildConfigurations = (
				E56F4C1028F57EBB0081C41B /* Debug */,
				E56F4C1128F57EBB0081C41B /* Release */,
			);
			defaultConfigurationIsVisible = 0;
			defaultConfigurationName = Release;
		};
		E56F4C1228F57EBC0081C41B /* Build configuration list for PBXNativeTarget "MandiriTakeHomeTest" */ = {
			isa = XCConfigurationList;
			buildConfigurations = (
				E56F4C1328F57EBC0081C41B /* Debug */,
				E56F4C1428F57EBC0081C41B /* Release */,
			);
			defaultConfigurationIsVisible = 0;
			defaultConfigurationName = Release;
		};
		E56F4C1528F57EBC0081C41B /* Build configuration list for PBXNativeTarget "MandiriTakeHomeTestTests" */ = {
			isa = XCConfigurationList;
			buildConfigurations = (
				E56F4C1628F57EBC0081C41B /* Debug */,
				E56F4C1728F57EBC0081C41B /* Release */,
			);
			defaultConfigurationIsVisible = 0;
			defaultConfigurationName = Release;
		};
		E56F4C1828F57EBC0081C41B /* Build configuration list for PBXNativeTarget "MandiriTakeHomeTestUITests" */ = {
			isa = XCConfigurationList;
			buildConfigurations = (
				E56F4C1928F57EBC0081C41B /* Debug */,
				E56F4C1A28F57EBC0081C41B /* Release */,
			);
			defaultConfigurationIsVisible = 0;
			defaultConfigurationName = Release;
		};
/* End XCConfigurationList section */
	};
	rootObject = E56F4BE628F57EBA0081C41B /* Project object */;
}
